
Microsoft Visual Studio Solution File, Format Version 12.00
# Visual Studio Version 16
VisualStudioVersion = 25.0.1706.2
MinimumVisualStudioVersion = 10.0.40219.1
Project("{FAE04EC0-301F-11D3-BF4B-00C04F79EFBC}") = "BadHabitApp", "BadHabitApp\BadHabitApp.csproj", "{EBEF73C1-3155-4BBC-AEE7-4617DF2DC45F}"
EndProject
Global
	GlobalSection(SolutionConfigurationPlatforms) = preSolution
		Debug|Any CPU = Debug|Any CPU
		Release|Any CPU = Release|Any CPU
	EndGlobalSection
	GlobalSection(ProjectConfigurationPlatforms) = postSolution
		{EBEF73C1-3155-4BBC-AEE7-4617DF2DC45F}.Debug|Any CPU.ActiveCfg = Debug|Any CPU
		{EBEF73C1-3155-4BBC-AEE7-4617DF2DC45F}.Debug|Any CPU.Build.0 = Debug|Any CPU
		{EBEF73C1-3155-4BBC-AEE7-4617DF2DC45F}.Release|Any CPU.ActiveCfg = Release|Any CPU
		{EBEF73C1-3155-4BBC-AEE7-4617DF2DC45F}.Release|Any CPU.Build.0 = Release|Any CPU
	EndGlobalSection
	GlobalSection(SolutionProperties) = preSolution
		HideSolutionNode = FALSE
	EndGlobalSection
	GlobalSection(ExtensibilityGlobals) = postSolution
		SolutionGuid = {D10A438E-D94B-441A-853C-9ABDDAC90A84}
	EndGlobalSection
EndGlobal
